// !$*UTF8*$!
{
	archiveVersion = 1;
	classes = {
	};
	objectVersion = 46;
	objects = {

/* Begin PBXBuildFile section */
		A6EB3D211CEE5F5200ECDDC3 /* AppDelegate.swift in Sources */ = {isa = PBXBuildFile; fileRef = A6EB3D201CEE5F5200ECDDC3 /* AppDelegate.swift */; };
		A6EB3D231CEE5F5200ECDDC3 /* ViewController.swift in Sources */ = {isa = PBXBuildFile; fileRef = A6EB3D221CEE5F5200ECDDC3 /* ViewController.swift */; };
		A6EB3D261CEE5F5200ECDDC3 /* Main.storyboard in Resources */ = {isa = PBXBuildFile; fileRef = A6EB3D241CEE5F5200ECDDC3 /* Main.storyboard */; };
		A6EB3D281CEE5F5200ECDDC3 /* Assets.xcassets in Resources */ = {isa = PBXBuildFile; fileRef = A6EB3D271CEE5F5200ECDDC3 /* Assets.xcassets */; };
		A6EB3D2B1CEE5F5200ECDDC3 /* LaunchScreen.storyboard in Resources */ = {isa = PBXBuildFile; fileRef = A6EB3D291CEE5F5200ECDDC3 /* LaunchScreen.storyboard */; };
/* End PBXBuildFile section */

/* Begin PBXFileReference section */
		A6EB3D1D1CEE5F5200ECDDC3 /* CareMapping.app */ = {isa = PBXFileReference; explicitFileType = wrapper.application; includeInIndex = 0; path = CareMapping.app; sourceTree = BUILT_PRODUCTS_DIR; };
		A6EB3D201CEE5F5200ECDDC3 /* AppDelegate.swift */ = {isa = PBXFileReference; lastKnownFileType = sourcecode.swift; path = AppDelegate.swift; sourceTree = "<group>"; };
		A6EB3D221CEE5F5200ECDDC3 /* ViewController.swift */ = {isa = PBXFileReference; lastKnownFileType = sourcecode.swift; path = ViewController.swift; sourceTree = "<group>"; };
		A6EB3D251CEE5F5200ECDDC3 /* Base */ = {isa = PBXFileReference; lastKnownFileType = file.storyboard; name = Base; path = Base.lproj/Main.storyboard; sourceTree = "<group>"; };
		A6EB3D271CEE5F5200ECDDC3 /* Assets.xcassets */ = {isa = PBXFileReference; lastKnownFileType = folder.assetcatalog; path = Assets.xcassets; sourceTree = "<group>"; };
		A6EB3D2A1CEE5F5200ECDDC3 /* Base */ = {isa = PBXFileReference; lastKnownFileType = file.storyboard; name = Base; path = Base.lproj/LaunchScreen.storyboard; sourceTree = "<group>"; };
		A6EB3D2C1CEE5F5200ECDDC3 /* Info.plist */ = {isa = PBXFileReference; lastKnownFileType = text.plist.xml; path = Info.plist; sourceTree = "<group>"; };
/* End PBXFileReference section */

/* Begin PBXFrameworksBuildPhase section */
		A6EB3D1A1CEE5F5200ECDDC3 /* Frameworks */ = {
			isa = PBXFrameworksBuildPhase;
			buildActionMask = 2147483647;
			files = (
			);
			runOnlyForDeploymentPostprocessing = 0;
		};
/* End PBXFrameworksBuildPhase section */

/* Begin PBXGroup section */
		A6EB3D141CEE5F5200ECDDC3 = {
			isa = PBXGroup;
			children = (
				A6EB3D1F1CEE5F5200ECDDC3 /* CareMapping */,
				A6EB3D1E1CEE5F5200ECDDC3 /* Products */,
			);
			sourceTree = "<group>";
		};
		A6EB3D1E1CEE5F5200ECDDC3 /* Products */ = {
			isa = PBXGroup;
			children = (
				A6EB3D1D1CEE5F5200ECDDC3 /* CareMapping.app */,
			);
			name = Products;
			sourceTree = "<group>";
		};
		A6EB3D1F1CEE5F5200ECDDC3 /* CareMapping */ = {
			isa = PBXGroup;
			children = (
				A6EB3D201CEE5F5200ECDDC3 /* AppDelegate.swift */,
				A6EB3D221CEE5F5200ECDDC3 /* ViewController.swift */,
				A6EB3D241CEE5F5200ECDDC3 /* Main.storyboard */,
				A6EB3D271CEE5F5200ECDDC3 /* Assets.xcassets */,
				A6EB3D291CEE5F5200ECDDC3 /* LaunchScreen.storyboard */,
				A6EB3D2C1CEE5F5200ECDDC3 /* Info.plist */,
			);
			path = CareMapping;
			sourceTree = "<group>";
		};
/* End PBXGroup section */

/* Begin PBXNativeTarget section */
		A6EB3D1C1CEE5F5200ECDDC3 /* CareMapping */ = {
			isa = PBXNativeTarget;
			buildConfigurationList = A6EB3D2F1CEE5F5200ECDDC3 /* Build configuration list for PBXNativeTarget "CareMapping" */;
			buildPhases = (
				A6EB3D191CEE5F5200ECDDC3 /* Sources */,
				A6EB3D1A1CEE5F5200ECDDC3 /* Frameworks */,
				A6EB3D1B1CEE5F5200ECDDC3 /* Resources */,
			);
			buildRules = (
			);
			dependencies = (
			);
			name = CareMapping;
			productName = CareMapping;
			productReference = A6EB3D1D1CEE5F5200ECDDC3 /* CareMapping.app */;
			productType = "com.apple.product-type.application";
		};
/* End PBXNativeTarget section */

/* Begin PBXProject section */
		A6EB3D151CEE5F5200ECDDC3 /* Project object */ = {
			isa = PBXProject;
			attributes = {
				LastSwiftUpdateCheck = 0730;
				LastUpgradeCheck = 0730;
				ORGANIZATIONNAME = "Connor Fitzpatrick";
				TargetAttributes = {
					A6EB3D1C1CEE5F5200ECDDC3 = {
						CreatedOnToolsVersion = 7.3.1;
						DevelopmentTeam = U6Y6MMUY2Z;
					};
				};
			};
			buildConfigurationList = A6EB3D181CEE5F5200ECDDC3 /* Build configuration list for PBXProject "CareMapping" */;
			compatibilityVersion = "Xcode 3.2";
			developmentRegion = English;
			hasScannedForEncodings = 0;
			knownRegions = (
				en,
				Base,
			);
			mainGroup = A6EB3D141CEE5F5200ECDDC3;
			productRefGroup = A6EB3D1E1CEE5F5200ECDDC3 /* Products */;
			projectDirPath = "";
			projectRoot = "";
			targets = (
				A6EB3D1C1CEE5F5200ECDDC3 /* CareMapping */,
			);
		};
/* End PBXProject section */

/* Begin PBXResourcesBuildPhase section */
		A6EB3D1B1CEE5F5200ECDDC3 /* Resources */ = {
			isa = PBXResourcesBuildPhase;
			buildActionMask = 2147483647;
			files = (
				A6EB3D2B1CEE5F5200ECDDC3 /* LaunchScreen.storyboard in Resources */,
				A6EB3D281CEE5F5200ECDDC3 /* Assets.xcassets in Resources */,
				A6EB3D261CEE5F5200ECDDC3 /* Main.storyboard in Resources */,
			);
			runOnlyForDeploymentPostprocessing = 0;
		};
/* End PBXResourcesBuildPhase section */

/* Begin PBXSourcesBuildPhase section */
		A6EB3D191CEE5F5200ECDDC3 /* Sources */ = {
			isa = PBXSourcesBuildPhase;
			buildActionMask = 2147483647;
			files = (
				A6EB3D231CEE5F5200ECDDC3 /* ViewController.swift in Sources */,
				A6EB3D211CEE5F5200ECDDC3 /* AppDelegate.swift in Sources */,
			);
			runOnlyForDeploymentPostprocessing = 0;
		};
/* End PBXSourcesBuildPhase section */

/* Begin PBXVariantGroup section */
		A6EB3D241CEE5F5200ECDDC3 /* Main.storyboard */ = {
			isa = PBXVariantGroup;
			children = (
				A6EB3D251CEE5F5200ECDDC3 /* Base */,
			);
			name = Main.storyboard;
			sourceTree = "<group>";
		};
		A6EB3D291CEE5F5200ECDDC3 /* LaunchScreen.storyboard */ = {
			isa = PBXVariantGroup;
			children = (
				A6EB3D2A1CEE5F5200ECDDC3 /* Base */,
			);
			name = LaunchScreen.storyboard;
			sourceTree = "<group>";
		};
/* End PBXVariantGroup section */

/* Begin XCBuildConfiguration section */
		A6EB3D2D1CEE5F5200ECDDC3 /* Debug */ = {
			isa = XCBuildConfiguration;
			buildSettings = {
				ALWAYS_SEARCH_USER_PATHS = NO;
				CLANG_ANALYZER_NONNULL = YES;
				CLANG_CXX_LANGUAGE_STANDARD = "gnu++0x";
				CLANG_CXX_LIBRARY = "libc++";
				CLANG_ENABLE_MODULES = YES;
				CLANG_ENABLE_OBJC_ARC = YES;
				CLANG_WARN_BOOL_CONVERSION = YES;
				CLANG_WARN_CONSTANT_CONVERSION = YES;
				CLANG_WARN_DIRECT_OBJC_ISA_USAGE = YES_ERROR;
				CLANG_WARN_EMPTY_BODY = YES;
				CLANG_WARN_ENUM_CONVERSION = YES;
				CLANG_WARN_INT_CONVERSION = YES;
				CLANG_WARN_OBJC_ROOT_CLASS = YES_ERROR;
				CLANG_WARN_UNREACHABLE_CODE = YES;
				CLANG_WARN__DUPLICATE_METHOD_MATCH = YES;
				"CODE_SIGN_IDENTITY[sdk=iphoneos*]" = "iPhone Developer";
				COPY_PHASE_STRIP = NO;
				DEBUG_INFORMATION_FORMAT = dwarf;
				ENABLE_STRICT_OBJC_MSGSEND = YES;
				ENABLE_TESTABILITY = YES;
				GCC_C_LANGUAGE_STANDARD = gnu99;
				GCC_DYNAMIC_NO_PIC = NO;
				GCC_NO_COMMON_BLOCKS = YES;
				GCC_OPTIMIZATION_LEVEL = 0;
				GCC_PREPROCESSOR_DEFINITIONS = (
					"DEBUG=1",
					"$(inherited)",
				);
				GCC_WARN_64_TO_32_BIT_CONVERSION = YES;
				GCC_WARN_ABOUT_RETURN_TYPE = YES_ERROR;
				GCC_WARN_UNDECLARED_SELECTOR = YES;
				GCC_WARN_UNINITIALIZED_AUTOS = YES_AGGRESSIVE;
				GCC_WARN_UNUSED_FUNCTION = YES;
				GCC_WARN_UNUSED_VARIABLE = YES;
				IPHONEOS_DEPLOYMENT_TARGET = 9.3;
				MTL_ENABLE_DEBUG_INFO = YES;
				ONLY_ACTIVE_ARCH = YES;
				SDKROOT = iphoneos;
				SWIFT_OPTIMIZATION_LEVEL = "-Onone";
				TARGETED_DEVICE_FAMILY = "1,2";
			};
			name = Debug;
		};
		A6EB3D2E1CEE5F5200ECDDC3 /* Release */ = {
			isa = XCBuildConfiguration;
			buildSettings = {
				ALWAYS_SEARCH_USER_PATHS = NO;
				CLANG_ANALYZER_NONNULL = YES;
				CLANG_CXX_LANGUAGE_STANDARD = "gnu++0x";
				CLANG_CXX_LIBRARY = "libc++";
				CLANG_ENABLE_MODULES = YES;
				CLANG_ENABLE_OBJC_ARC = YES;
				CLANG_WARN_BOOL_CONVERSION = YES;
				CLANG_WARN_CONSTANT_CONVERSION = YES;
				CLANG_WARN_DIRECT_OBJC_ISA_USAGE = YES_ERROR;
				CLANG_WARN_EMPTY_BODY = YES;
				CLANG_WARN_ENUM_CONVERSION = YES;
				CLANG_WARN_INT_CONVERSION = YES;
				CLANG_WARN_OBJC_ROOT_CLASS = YES_ERROR;
				CLANG_WARN_UNREACHABLE_CODE = YES;
				CLANG_WARN__DUPLICATE_METHOD_MATCH = YES;
				"CODE_SIGN_IDENTITY[sdk=iphoneos*]" = "iPhone Developer";
				COPY_PHASE_STRIP = NO;
				DEBUG_INFORMATION_FORMAT = "dwarf-with-dsym";
				ENABLE_NS_ASSERTIONS = NO;
				ENABLE_STRICT_OBJC_MSGSEND = YES;
				GCC_C_LANGUAGE_STANDARD = gnu99;
				GCC_NO_COMMON_BLOCKS = YES;
				GCC_WARN_64_TO_32_BIT_CONVERSION = YES;
				GCC_WARN_ABOUT_RETURN_TYPE = YES_ERROR;
				GCC_WARN_UNDECLARED_SELECTOR = YES;
				GCC_WARN_UNINITIALIZED_AUTOS = YES_AGGRESSIVE;
				GCC_WARN_UNUSED_FUNCTION = YES;
				GCC_WARN_UNUSED_VARIABLE = YES;
				IPHONEOS_DEPLOYMENT_TARGET = 9.3;
				MTL_ENABLE_DEBUG_INFO = NO;
				SDKROOT = iphoneos;
				TARGETED_DEVICE_FAMILY = "1,2";
				VALIDATE_PRODUCT = YES;
			};
			name = Release;
		};
		A6EB3D301CEE5F5200ECDDC3 /* Debug */ = {
			isa = XCBuildConfiguration;
			buildSettings = {
				ASSETCATALOG_COMPILER_APPICON_NAME = AppIcon;
				INFOPLIST_FILE = CareMapping/Info.plist;
				LD_RUNPATH_SEARCH_PATHS = "$(inherited) @executable_path/Frameworks";
				PRODUCT_BUNDLE_IDENTIFIER = cjf.edu.luther.cs353.CareMapping;
				PRODUCT_NAME = "$(TARGET_NAME)";
			};
			name = Debug;
		};
		A6EB3D311CEE5F5200ECDDC3 /* Release */ = {
			isa = XCBuildConfiguration;
			buildSettings = {
				ASSETCATALOG_COMPILER_APPICON_NAME = AppIcon;
				INFOPLIST_FILE = CareMapping/Info.plist;
				LD_RUNPATH_SEARCH_PATHS = "$(inherited) @executable_path/Frameworks";
				PRODUCT_BUNDLE_IDENTIFIER = cjf.edu.luther.cs353.CareMapping;
				PRODUCT_NAME = "$(TARGET_NAME)";
			};
			name = Release;
		};
/* End XCBuildConfiguration section */

/* Begin XCConfigurationList section */
		A6EB3D181CEE5F5200ECDDC3 /* Build configuration list for PBXProject "CareMapping" */ = {
			isa = XCConfigurationList;
			buildConfigurations = (
				A6EB3D2D1CEE5F5200ECDDC3 /* Debug */,
				A6EB3D2E1CEE5F5200ECDDC3 /* Release */,
			);
			defaultConfigurationIsVisible = 0;
			defaultConfigurationName = Release;
		};
		A6EB3D2F1CEE5F5200ECDDC3 /* Build configuration list for PBXNativeTarget "CareMapping" */ = {
			isa = XCConfigurationList;
			buildConfigurations = (
				A6EB3D301CEE5F5200ECDDC3 /* Debug */,
				A6EB3D311CEE5F5200ECDDC3 /* Release */,
			);
			defaultConfigurationIsVisible = 0;
		};
/* End XCConfigurationList section */
	};
	rootObject = A6EB3D151CEE5F5200ECDDC3 /* Project object */;
}
